
Microsoft Visual Studio Solution File, Format Version 12.00
# Visual Studio Version 16
VisualStudioVersion = 16.0.30907.101
MinimumVisualStudioVersion = 10.0.40219.1
Project("{FAE04EC0-301F-11D3-BF4B-00C04F79EFBC}") = "Chess", "Chess\Chess.csproj", "{2E61EBB1-B79A-4C7A-B072-6918970A4735}"
EndProject
Global
	GlobalSection(SolutionConfigurationPlatforms) = preSolution
		Debug|Any CPU = Debug|Any CPU
		Release|Any CPU = Release|Any CPU
	EndGlobalSection
	GlobalSection(ProjectConfigurationPlatforms) = postSolution
		{2E61EBB1-B79A-4C7A-B072-6918970A4735}.Debug|Any CPU.ActiveCfg = Debug|Any CPU
		{2E61EBB1-B79A-4C7A-B072-6918970A4735}.Debug|Any CPU.Build.0 = Debug|Any CPU
		{2E61EBB1-B79A-4C7A-B072-6918970A4735}.Release|Any CPU.ActiveCfg = Release|Any CPU
		{2E61EBB1-B79A-4C7A-B072-6918970A4735}.Release|Any CPU.Build.0 = Release|Any CPU
	EndGlobalSection
	GlobalSection(SolutionProperties) = preSolution
		HideSolutionNode = FALSE
	EndGlobalSection
	GlobalSection(ExtensibilityGlobals) = postSolution
		SolutionGuid = {115ADBCB-3522-43B9-A5B2-C4BB1D03D66C}
	EndGlobalSection
EndGlobal
